// !$*UTF8*$!
{
	archiveVersion = 1;
	classes = {
	};
	objectVersion = 56;
	objects = {

/* Begin PBXBuildFile section */
		FE70A35E2B5EA8670057F3BB /* HamaanKadai2App.swift in Sources */ = {isa = PBXBuildFile; fileRef = FE70A35D2B5EA8670057F3BB /* HamaanKadai2App.swift */; };
		FE70A3602B5EA8670057F3BB /* ContentView.swift in Sources */ = {isa = PBXBuildFile; fileRef = FE70A35F2B5EA8670057F3BB /* ContentView.swift */; };
		FE70A3622B5EA8690057F3BB /* Assets.xcassets in Resources */ = {isa = PBXBuildFile; fileRef = FE70A3612B5EA8690057F3BB /* Assets.xcassets */; };
		FE70A3652B5EA8690057F3BB /* Preview Assets.xcassets in Resources */ = {isa = PBXBuildFile; fileRef = FE70A3642B5EA8690057F3BB /* Preview Assets.xcassets */; };
		FE70A36F2B5EA8690057F3BB /* HamaanKadai2Tests.swift in Sources */ = {isa = PBXBuildFile; fileRef = FE70A36E2B5EA8690057F3BB /* HamaanKadai2Tests.swift */; };
		FE70A3792B5EA8690057F3BB /* HamaanKadai2UITests.swift in Sources */ = {isa = PBXBuildFile; fileRef = FE70A3782B5EA8690057F3BB /* HamaanKadai2UITests.swift */; };
		FE70A37B2B5EA8690057F3BB /* HamaanKadai2UITestsLaunchTests.swift in Sources */ = {isa = PBXBuildFile; fileRef = FE70A37A2B5EA8690057F3BB /* HamaanKadai2UITestsLaunchTests.swift */; };
/* End PBXBuildFile section */

/* Begin PBXContainerItemProxy section */
		FE70A36B2B5EA8690057F3BB /* PBXContainerItemProxy */ = {
			isa = PBXContainerItemProxy;
			containerPortal = FE70A3522B5EA8670057F3BB /* Project object */;
			proxyType = 1;
			remoteGlobalIDString = FE70A3592B5EA8670057F3BB;
			remoteInfo = HamaanKadai2;
		};
		FE70A3752B5EA8690057F3BB /* PBXContainerItemProxy */ = {
			isa = PBXContainerItemProxy;
			containerPortal = FE70A3522B5EA8670057F3BB /* Project object */;
			proxyType = 1;
			remoteGlobalIDString = FE70A3592B5EA8670057F3BB;
			remoteInfo = HamaanKadai2;
		};
/* End PBXContainerItemProxy section */

/* Begin PBXFileReference section */
		FE70A35A2B5EA8670057F3BB /* HamaanKadai2.app */ = {isa = PBXFileReference; explicitFileType = wrapper.application; includeInIndex = 0; path = HamaanKadai2.app; sourceTree = BUILT_PRODUCTS_DIR; };
		FE70A35D2B5EA8670057F3BB /* HamaanKadai2App.swift */ = {isa = PBXFileReference; lastKnownFileType = sourcecode.swift; path = HamaanKadai2App.swift; sourceTree = "<group>"; };
		FE70A35F2B5EA8670057F3BB /* ContentView.swift */ = {isa = PBXFileReference; lastKnownFileType = sourcecode.swift; path = ContentView.swift; sourceTree = "<group>"; };
		FE70A3612B5EA8690057F3BB /* Assets.xcassets */ = {isa = PBXFileReference; lastKnownFileType = folder.assetcatalog; path = Assets.xcassets; sourceTree = "<group>"; };
		FE70A3642B5EA8690057F3BB /* Preview Assets.xcassets */ = {isa = PBXFileReference; lastKnownFileType = folder.assetcatalog; path = "Preview Assets.xcassets"; sourceTree = "<group>"; };
		FE70A36A2B5EA8690057F3BB /* HamaanKadai2Tests.xctest */ = {isa = PBXFileReference; explicitFileType = wrapper.cfbundle; includeInIndex = 0; path = HamaanKadai2Tests.xctest; sourceTree = BUILT_PRODUCTS_DIR; };
		FE70A36E2B5EA8690057F3BB /* HamaanKadai2Tests.swift */ = {isa = PBXFileReference; lastKnownFileType = sourcecode.swift; path = HamaanKadai2Tests.swift; sourceTree = "<group>"; };
		FE70A3742B5EA8690057F3BB /* HamaanKadai2UITests.xctest */ = {isa = PBXFileReference; explicitFileType = wrapper.cfbundle; includeInIndex = 0; path = HamaanKadai2UITests.xctest; sourceTree = BUILT_PRODUCTS_DIR; };
		FE70A3782B5EA8690057F3BB /* HamaanKadai2UITests.swift */ = {isa = PBXFileReference; lastKnownFileType = sourcecode.swift; path = HamaanKadai2UITests.swift; sourceTree = "<group>"; };
		FE70A37A2B5EA8690057F3BB /* HamaanKadai2UITestsLaunchTests.swift */ = {isa = PBXFileReference; lastKnownFileType = sourcecode.swift; path = HamaanKadai2UITestsLaunchTests.swift; sourceTree = "<group>"; };
/* End PBXFileReference section */

/* Begin PBXFrameworksBuildPhase section */
		FE70A3572B5EA8670057F3BB /* Frameworks */ = {
			isa = PBXFrameworksBuildPhase;
			buildActionMask = 2147483647;
			files = (
			);
			runOnlyForDeploymentPostprocessing = 0;
		};
		FE70A3672B5EA8690057F3BB /* Frameworks */ = {
			isa = PBXFrameworksBuildPhase;
			buildActionMask = 2147483647;
			files = (
			);
			runOnlyForDeploymentPostprocessing = 0;
		};
		FE70A3712B5EA8690057F3BB /* Frameworks */ = {
			isa = PBXFrameworksBuildPhase;
			buildActionMask = 2147483647;
			files = (
			);
			runOnlyForDeploymentPostprocessing = 0;
		};
/* End PBXFrameworksBuildPhase section */

/* Begin PBXGroup section */
		FE70A3512B5EA8670057F3BB = {
			isa = PBXGroup;
			children = (
				FE70A35C2B5EA8670057F3BB /* HamaanKadai2 */,
				FE70A36D2B5EA8690057F3BB /* HamaanKadai2Tests */,
				FE70A3772B5EA8690057F3BB /* HamaanKadai2UITests */,
				FE70A35B2B5EA8670057F3BB /* Products */,
			);
			sourceTree = "<group>";
		};
		FE70A35B2B5EA8670057F3BB /* Products */ = {
			isa = PBXGroup;
			children = (
				FE70A35A2B5EA8670057F3BB /* HamaanKadai2.app */,
				FE70A36A2B5EA8690057F3BB /* HamaanKadai2Tests.xctest */,
				FE70A3742B5EA8690057F3BB /* HamaanKadai2UITests.xctest */,
			);
			name = Products;
			sourceTree = "<group>";
		};
		FE70A35C2B5EA8670057F3BB /* HamaanKadai2 */ = {
			isa = PBXGroup;
			children = (
				FE70A35D2B5EA8670057F3BB /* HamaanKadai2App.swift */,
				FE70A35F2B5EA8670057F3BB /* ContentView.swift */,
				FE70A3612B5EA8690057F3BB /* Assets.xcassets */,
				FE70A3632B5EA8690057F3BB /* Preview Content */,
			);
			path = HamaanKadai2;
			sourceTree = "<group>";
		};
		FE70A3632B5EA8690057F3BB /* Preview Content */ = {
			isa = PBXGroup;
			children = (
				FE70A3642B5EA8690057F3BB /* Preview Assets.xcassets */,
			);
			path = "Preview Content";
			sourceTree = "<group>";
		};
		FE70A36D2B5EA8690057F3BB /* HamaanKadai2Tests */ = {
			isa = PBXGroup;
			children = (
				FE70A36E2B5EA8690057F3BB /* HamaanKadai2Tests.swift */,
			);
			path = HamaanKadai2Tests;
			sourceTree = "<group>";
		};
		FE70A3772B5EA8690057F3BB /* HamaanKadai2UITests */ = {
			isa = PBXGroup;
			children = (
				FE70A3782B5EA8690057F3BB /* HamaanKadai2UITests.swift */,
				FE70A37A2B5EA8690057F3BB /* HamaanKadai2UITestsLaunchTests.swift */,
			);
			path = HamaanKadai2UITests;
			sourceTree = "<group>";
		};
/* End PBXGroup section */

/* Begin PBXNativeTarget section */
		FE70A3592B5EA8670057F3BB /* HamaanKadai2 */ = {
			isa = PBXNativeTarget;
			buildConfigurationList = FE70A37E2B5EA8690057F3BB /* Build configuration list for PBXNativeTarget "HamaanKadai2" */;
			buildPhases = (
				FE70A3562B5EA8670057F3BB /* Sources */,
				FE70A3572B5EA8670057F3BB /* Frameworks */,
				FE70A3582B5EA8670057F3BB /* Resources */,
			);
			buildRules = (
			);
			dependencies = (
			);
			name = HamaanKadai2;
			productName = HamaanKadai2;
			productReference = FE70A35A2B5EA8670057F3BB /* HamaanKadai2.app */;
			productType = "com.apple.product-type.application";
		};
		FE70A3692B5EA8690057F3BB /* HamaanKadai2Tests */ = {
			isa = PBXNativeTarget;
			buildConfigurationList = FE70A3812B5EA8690057F3BB /* Build configuration list for PBXNativeTarget "HamaanKadai2Tests" */;
			buildPhases = (
				FE70A3662B5EA8690057F3BB /* Sources */,
				FE70A3672B5EA8690057F3BB /* Frameworks */,
				FE70A3682B5EA8690057F3BB /* Resources */,
			);
			buildRules = (
			);
			dependencies = (
				FE70A36C2B5EA8690057F3BB /* PBXTargetDependency */,
			);
			name = HamaanKadai2Tests;
			productName = HamaanKadai2Tests;
			productReference = FE70A36A2B5EA8690057F3BB /* HamaanKadai2Tests.xctest */;
			productType = "com.apple.product-type.bundle.unit-test";
		};
		FE70A3732B5EA8690057F3BB /* HamaanKadai2UITests */ = {
			isa = PBXNativeTarget;
			buildConfigurationList = FE70A3842B5EA8690057F3BB /* Build configuration list for PBXNativeTarget "HamaanKadai2UITests" */;
			buildPhases = (
				FE70A3702B5EA8690057F3BB /* Sources */,
				FE70A3712B5EA8690057F3BB /* Frameworks */,
				FE70A3722B5EA8690057F3BB /* Resources */,
			);
			buildRules = (
			);
			dependencies = (
				FE70A3762B5EA8690057F3BB /* PBXTargetDependency */,
			);
			name = HamaanKadai2UITests;
			productName = HamaanKadai2UITests;
			productReference = FE70A3742B5EA8690057F3BB /* HamaanKadai2UITests.xctest */;
			productType = "com.apple.product-type.bundle.ui-testing";
		};
/* End PBXNativeTarget section */

/* Begin PBXProject section */
		FE70A3522B5EA8670057F3BB /* Project object */ = {
			isa = PBXProject;
			attributes = {
				BuildIndependentTargetsInParallel = 1;
				LastSwiftUpdateCheck = 1500;
				LastUpgradeCheck = 1500;
				TargetAttributes = {
					FE70A3592B5EA8670057F3BB = {
						CreatedOnToolsVersion = 15.0;
					};
					FE70A3692B5EA8690057F3BB = {
						CreatedOnToolsVersion = 15.0;
						TestTargetID = FE70A3592B5EA8670057F3BB;
					};
					FE70A3732B5EA8690057F3BB = {
						CreatedOnToolsVersion = 15.0;
						TestTargetID = FE70A3592B5EA8670057F3BB;
					};
				};
			};
			buildConfigurationList = FE70A3552B5EA8670057F3BB /* Build configuration list for PBXProject "HamaanKadai2" */;
			compatibilityVersion = "Xcode 14.0";
			developmentRegion = en;
			hasScannedForEncodings = 0;
			knownRegions = (
				en,
				Base,
			);
			mainGroup = FE70A3512B5EA8670057F3BB;
			productRefGroup = FE70A35B2B5EA8670057F3BB /* Products */;
			projectDirPath = "";
			projectRoot = "";
			targets = (
				FE70A3592B5EA8670057F3BB /* HamaanKadai2 */,
				FE70A3692B5EA8690057F3BB /* HamaanKadai2Tests */,
				FE70A3732B5EA8690057F3BB /* HamaanKadai2UITests */,
			);
		};
/* End PBXProject section */

/* Begin PBXResourcesBuildPhase section */
		FE70A3582B5EA8670057F3BB /* Resources */ = {
			isa = PBXResourcesBuildPhase;
			buildActionMask = 2147483647;
			files = (
				FE70A3652B5EA8690057F3BB /* Preview Assets.xcassets in Resources */,
				FE70A3622B5EA8690057F3BB /* Assets.xcassets in Resources */,
			);
			runOnlyForDeploymentPostprocessing = 0;
		};
		FE70A3682B5EA8690057F3BB /* Resources */ = {
			isa = PBXResourcesBuildPhase;
			buildActionMask = 2147483647;
			files = (
			);
			runOnlyForDeploymentPostprocessing = 0;
		};
		FE70A3722B5EA8690057F3BB /* Resources */ = {
			isa = PBXResourcesBuildPhase;
			buildActionMask = 2147483647;
			files = (
			);
			runOnlyForDeploymentPostprocessing = 0;
		};
/* End PBXResourcesBuildPhase section */

/* Begin PBXSourcesBuildPhase section */
		FE70A3562B5EA8670057F3BB /* Sources */ = {
			isa = PBXSourcesBuildPhase;
			buildActionMask = 2147483647;
			files = (
				FE70A3602B5EA8670057F3BB /* ContentView.swift in Sources */,
				FE70A35E2B5EA8670057F3BB /* HamaanKadai2App.swift in Sources */,
			);
			runOnlyForDeploymentPostprocessing = 0;
		};
		FE70A3662B5EA8690057F3BB /* Sources */ = {
			isa = PBXSourcesBuildPhase;
			buildActionMask = 2147483647;
			files = (
				FE70A36F2B5EA8690057F3BB /* HamaanKadai2Tests.swift in Sources */,
			);
			runOnlyForDeploymentPostprocessing = 0;
		};
		FE70A3702B5EA8690057F3BB /* Sources */ = {
			isa = PBXSourcesBuildPhase;
			buildActionMask = 2147483647;
			files = (
				FE70A37B2B5EA8690057F3BB /* HamaanKadai2UITestsLaunchTests.swift in Sources */,
				FE70A3792B5EA8690057F3BB /* HamaanKadai2UITests.swift in Sources */,
			);
			runOnlyForDeploymentPostprocessing = 0;
		};
/* End PBXSourcesBuildPhase section */

/* Begin PBXTargetDependency section */
		FE70A36C2B5EA8690057F3BB /* PBXTargetDependency */ = {
			isa = PBXTargetDependency;
			target = FE70A3592B5EA8670057F3BB /* HamaanKadai2 */;
			targetProxy = FE70A36B2B5EA8690057F3BB /* PBXContainerItemProxy */;
		};
		FE70A3762B5EA8690057F3BB /* PBXTargetDependency */ = {
			isa = PBXTargetDependency;
			target = FE70A3592B5EA8670057F3BB /* HamaanKadai2 */;
			targetProxy = FE70A3752B5EA8690057F3BB /* PBXContainerItemProxy */;
		};
/* End PBXTargetDependency section */

/* Begin XCBuildConfiguration section */
		FE70A37C2B5EA8690057F3BB /* Debug */ = {
			isa = XCBuildConfiguration;
			buildSettings = {
				ALWAYS_SEARCH_USER_PATHS = NO;
				ASSETCATALOG_COMPILER_GENERATE_SWIFT_ASSET_SYMBOL_EXTENSIONS = YES;
				CLANG_ANALYZER_NONNULL = YES;
				CLANG_ANALYZER_NUMBER_OBJECT_CONVERSION = YES_AGGRESSIVE;
				CLANG_CXX_LANGUAGE_STANDARD = "gnu++20";
				CLANG_ENABLE_MODULES = YES;
				CLANG_ENABLE_OBJC_ARC = YES;
				CLANG_ENABLE_OBJC_WEAK = YES;
				CLANG_WARN_BLOCK_CAPTURE_AUTORELEASING = YES;
				CLANG_WARN_BOOL_CONVERSION = YES;
				CLANG_WARN_COMMA = YES;
				CLANG_WARN_CONSTANT_CONVERSION = YES;
				CLANG_WARN_DEPRECATED_OBJC_IMPLEMENTATIONS = YES;
				CLANG_WARN_DIRECT_OBJC_ISA_USAGE = YES_ERROR;
				CLANG_WARN_DOCUMENTATION_COMMENTS = YES;
				CLANG_WARN_EMPTY_BODY = YES;
				CLANG_WARN_ENUM_CONVERSION = YES;
				CLANG_WARN_INFINITE_RECURSION = YES;
				CLANG_WARN_INT_CONVERSION = YES;
				CLANG_WARN_NON_LITERAL_NULL_CONVERSION = YES;
				CLANG_WARN_OBJC_IMPLICIT_RETAIN_SELF = YES;
				CLANG_WARN_OBJC_LITERAL_CONVERSION = YES;
				CLANG_WARN_OBJC_ROOT_CLASS = YES_ERROR;
				CLANG_WARN_QUOTED_INCLUDE_IN_FRAMEWORK_HEADER = YES;
				CLANG_WARN_RANGE_LOOP_ANALYSIS = YES;
				CLANG_WARN_STRICT_PROTOTYPES = YES;
				CLANG_WARN_SUSPICIOUS_MOVE = YES;
				CLANG_WARN_UNGUARDED_AVAILABILITY = YES_AGGRESSIVE;
				CLANG_WARN_UNREACHABLE_CODE = YES;
				CLANG_WARN__DUPLICATE_METHOD_MATCH = YES;
				COPY_PHASE_STRIP = NO;
				DEBUG_INFORMATION_FORMAT = dwarf;
				ENABLE_STRICT_OBJC_MSGSEND = YES;
				ENABLE_TESTABILITY = YES;
				ENABLE_USER_SCRIPT_SANDBOXING = YES;
				GCC_C_LANGUAGE_STANDARD = gnu17;
				GCC_DYNAMIC_NO_PIC = NO;
				GCC_NO_COMMON_BLOCKS = YES;
				GCC_OPTIMIZATION_LEVEL = 0;
				GCC_PREPROCESSOR_DEFINITIONS = (
					"DEBUG=1",
					"$(inherited)",
				);
				GCC_WARN_64_TO_32_BIT_CONVERSION = YES;
				GCC_WARN_ABOUT_RETURN_TYPE = YES_ERROR;
				GCC_WARN_UNDECLARED_SELECTOR = YES;
				GCC_WARN_UNINITIALIZED_AUTOS = YES_AGGRESSIVE;
				GCC_WARN_UNUSED_FUNCTION = YES;
				GCC_WARN_UNUSED_VARIABLE = YES;
				IPHONEOS_DEPLOYMENT_TARGET = 17.0;
				LOCALIZATION_PREFERS_STRING_CATALOGS = YES;
				MTL_ENABLE_DEBUG_INFO = INCLUDE_SOURCE;
				MTL_FAST_MATH = YES;
				ONLY_ACTIVE_ARCH = YES;
				SDKROOT = iphoneos;
				SWIFT_ACTIVE_COMPILATION_CONDITIONS = "DEBUG $(inherited)";
				SWIFT_OPTIMIZATION_LEVEL = "-Onone";
			};
			name = Debug;
		};
		FE70A37D2B5EA8690057F3BB /* Release */ = {
			isa = XCBuildConfiguration;
			buildSettings = {
				ALWAYS_SEARCH_USER_PATHS = NO;
				ASSETCATALOG_COMPILER_GENERATE_SWIFT_ASSET_SYMBOL_EXTENSIONS = YES;
				CLANG_ANALYZER_NONNULL = YES;
				CLANG_ANALYZER_NUMBER_OBJECT_CONVERSION = YES_AGGRESSIVE;
				CLANG_CXX_LANGUAGE_STANDARD = "gnu++20";
				CLANG_ENABLE_MODULES = YES;
				CLANG_ENABLE_OBJC_ARC = YES;
				CLANG_ENABLE_OBJC_WEAK = YES;
				CLANG_WARN_BLOCK_CAPTURE_AUTORELEASING = YES;
				CLANG_WARN_BOOL_CONVERSION = YES;
				CLANG_WARN_COMMA = YES;
				CLANG_WARN_CONSTANT_CONVERSION = YES;
				CLANG_WARN_DEPRECATED_OBJC_IMPLEMENTATIONS = YES;
				CLANG_WARN_DIRECT_OBJC_ISA_USAGE = YES_ERROR;
				CLANG_WARN_DOCUMENTATION_COMMENTS = YES;
				CLANG_WARN_EMPTY_BODY = YES;
				CLANG_WARN_ENUM_CONVERSION = YES;
				CLANG_WARN_INFINITE_RECURSION = YES;
				CLANG_WARN_INT_CONVERSION = YES;
				CLANG_WARN_NON_LITERAL_NULL_CONVERSION = YES;
				CLANG_WARN_OBJC_IMPLICIT_RETAIN_SELF = YES;
				CLANG_WARN_OBJC_LITERAL_CONVERSION = YES;
				CLANG_WARN_OBJC_ROOT_CLASS = YES_ERROR;
				CLANG_WARN_QUOTED_INCLUDE_IN_FRAMEWORK_HEADER = YES;
				CLANG_WARN_RANGE_LOOP_ANALYSIS = YES;
				CLANG_WARN_STRICT_PROTOTYPES = YES;
				CLANG_WARN_SUSPICIOUS_MOVE = YES;
				CLANG_WARN_UNGUARDED_AVAILABILITY = YES_AGGRESSIVE;
				CLANG_WARN_UNREACHABLE_CODE = YES;
				CLANG_WARN__DUPLICATE_METHOD_MATCH = YES;
				COPY_PHASE_STRIP = NO;
				DEBUG_INFORMATION_FORMAT = "dwarf-with-dsym";
				ENABLE_NS_ASSERTIONS = NO;
				ENABLE_STRICT_OBJC_MSGSEND = YES;
				ENABLE_USER_SCRIPT_SANDBOXING = YES;
				GCC_C_LANGUAGE_STANDARD = gnu17;
				GCC_NO_COMMON_BLOCKS = YES;
				GCC_WARN_64_TO_32_BIT_CONVERSION = YES;
				GCC_WARN_ABOUT_RETURN_TYPE = YES_ERROR;
				GCC_WARN_UNDECLARED_SELECTOR = YES;
				GCC_WARN_UNINITIALIZED_AUTOS = YES_AGGRESSIVE;
				GCC_WARN_UNUSED_FUNCTION = YES;
				GCC_WARN_UNUSED_VARIABLE = YES;
				IPHONEOS_DEPLOYMENT_TARGET = 17.0;
				LOCALIZATION_PREFERS_STRING_CATALOGS = YES;
				MTL_ENABLE_DEBUG_INFO = NO;
				MTL_FAST_MATH = YES;
				SDKROOT = iphoneos;
				SWIFT_COMPILATION_MODE = wholemodule;
				VALIDATE_PRODUCT = YES;
			};
			name = Release;
		};
		FE70A37F2B5EA8690057F3BB /* Debug */ = {
			isa = XCBuildConfiguration;
			buildSettings = {
				ASSETCATALOG_COMPILER_APPICON_NAME = AppIcon;
				ASSETCATALOG_COMPILER_GLOBAL_ACCENT_COLOR_NAME = AccentColor;
				CODE_SIGN_STYLE = Automatic;
				CURRENT_PROJECT_VERSION = 1;
				DEVELOPMENT_ASSET_PATHS = "\"HamaanKadai2/Preview Content\"";
				ENABLE_PREVIEWS = YES;
				GENERATE_INFOPLIST_FILE = YES;
				INFOPLIST_KEY_UIApplicationSceneManifest_Generation = YES;
				INFOPLIST_KEY_UIApplicationSupportsIndirectInputEvents = YES;
				INFOPLIST_KEY_UILaunchScreen_Generation = YES;
				INFOPLIST_KEY_UISupportedInterfaceOrientations_iPad = "UIInterfaceOrientationPortrait UIInterfaceOrientationPortraitUpsideDown UIInterfaceOrientationLandscapeLeft UIInterfaceOrientationLandscapeRight";
				INFOPLIST_KEY_UISupportedInterfaceOrientations_iPhone = "UIInterfaceOrientationPortrait UIInterfaceOrientationLandscapeLeft UIInterfaceOrientationLandscapeRight";
				LD_RUNPATH_SEARCH_PATHS = (
					"$(inherited)",
					"@executable_path/Frameworks",
				);
				MARKETING_VERSION = 1.0;
				PRODUCT_BUNDLE_IDENTIFIER = com.hamasaki.HamaanKadai2;
				PRODUCT_NAME = "$(TARGET_NAME)";
				SWIFT_EMIT_LOC_STRINGS = YES;
				SWIFT_VERSION = 5.0;
				TARGETED_DEVICE_FAMILY = "1,2";
			};
			name = Debug;
		};
		FE70A3802B5EA8690057F3BB /* Release */ = {
			isa = XCBuildConfiguration;
			buildSettings = {
				ASSETCATALOG_COMPILER_APPICON_NAME = AppIcon;
				ASSETCATALOG_COMPILER_GLOBAL_ACCENT_COLOR_NAME = AccentColor;
				CODE_SIGN_STYLE = Automatic;
				CURRENT_PROJECT_VERSION = 1;
				DEVELOPMENT_ASSET_PATHS = "\"HamaanKadai2/Preview Content\"";
				ENABLE_PREVIEWS = YES;
				GENERATE_INFOPLIST_FILE = YES;
				INFOPLIST_KEY_UIApplicationSceneManifest_Generation = YES;
				INFOPLIST_KEY_UIApplicationSupportsIndirectInputEvents = YES;
				INFOPLIST_KEY_UILaunchScreen_Generation = YES;
				INFOPLIST_KEY_UISupportedInterfaceOrientations_iPad = "UIInterfaceOrientationPortrait UIInterfaceOrientationPortraitUpsideDown UIInterfaceOrientationLandscapeLeft UIInterfaceOrientationLandscapeRight";
				INFOPLIST_KEY_UISupportedInterfaceOrientations_iPhone = "UIInterfaceOrientationPortrait UIInterfaceOrientationLandscapeLeft UIInterfaceOrientationLandscapeRight";
				LD_RUNPATH_SEARCH_PATHS = (
					"$(inherited)",
					"@executable_path/Frameworks",
				);
				MARKETING_VERSION = 1.0;
				PRODUCT_BUNDLE_IDENTIFIER = com.hamasaki.HamaanKadai2;
				PRODUCT_NAME = "$(TARGET_NAME)";
				SWIFT_EMIT_LOC_STRINGS = YES;
				SWIFT_VERSION = 5.0;
				TARGETED_DEVICE_FAMILY = "1,2";
			};
			name = Release;
		};
		FE70A3822B5EA8690057F3BB /* Debug */ = {
			isa = XCBuildConfiguration;
			buildSettings = {
				ALWAYS_EMBED_SWIFT_STANDARD_LIBRARIES = YES;
				BUNDLE_LOADER = "$(TEST_HOST)";
				CODE_SIGN_STYLE = Automatic;
				CURRENT_PROJECT_VERSION = 1;
				GENERATE_INFOPLIST_FILE = YES;
				IPHONEOS_DEPLOYMENT_TARGET = 17.0;
				MARKETING_VERSION = 1.0;
				PRODUCT_BUNDLE_IDENTIFIER = com.hamasaki.HamaanKadai2Tests;
				PRODUCT_NAME = "$(TARGET_NAME)";
				SWIFT_EMIT_LOC_STRINGS = NO;
				SWIFT_VERSION = 5.0;
				TARGETED_DEVICE_FAMILY = "1,2";
				TEST_HOST = "$(BUILT_PRODUCTS_DIR)/HamaanKadai2.app/$(BUNDLE_EXECUTABLE_FOLDER_PATH)/HamaanKadai2";
			};
			name = Debug;
		};
		FE70A3832B5EA8690057F3BB /* Release */ = {
			isa = XCBuildConfiguration;
			buildSettings = {
				ALWAYS_EMBED_SWIFT_STANDARD_LIBRARIES = YES;
				BUNDLE_LOADER = "$(TEST_HOST)";
				CODE_SIGN_STYLE = Automatic;
				CURRENT_PROJECT_VERSION = 1;
				GENERATE_INFOPLIST_FILE = YES;
				IPHONEOS_DEPLOYMENT_TARGET = 17.0;
				MARKETING_VERSION = 1.0;
				PRODUCT_BUNDLE_IDENTIFIER = com.hamasaki.HamaanKadai2Tests;
				PRODUCT_NAME = "$(TARGET_NAME)";
				SWIFT_EMIT_LOC_STRINGS = NO;
				SWIFT_VERSION = 5.0;
				TARGETED_DEVICE_FAMILY = "1,2";
				TEST_HOST = "$(BUILT_PRODUCTS_DIR)/HamaanKadai2.app/$(BUNDLE_EXECUTABLE_FOLDER_PATH)/HamaanKadai2";
			};
			name = Release;
		};
		FE70A3852B5EA8690057F3BB /* Debug */ = {
			isa = XCBuildConfiguration;
			buildSettings = {
				ALWAYS_EMBED_SWIFT_STANDARD_LIBRARIES = YES;
				CODE_SIGN_STYLE = Automatic;
				CURRENT_PROJECT_VERSION = 1;
				GENERATE_INFOPLIST_FILE = YES;
				MARKETING_VERSION = 1.0;
				PRODUCT_BUNDLE_IDENTIFIER = com.hamasaki.HamaanKadai2UITests;
				PRODUCT_NAME = "$(TARGET_NAME)";
				SWIFT_EMIT_LOC_STRINGS = NO;
				SWIFT_VERSION = 5.0;
				TARGETED_DEVICE_FAMILY = "1,2";
				TEST_TARGET_NAME = HamaanKadai2;
			};
			name = Debug;
		};
		FE70A3862B5EA8690057F3BB /* Release */ = {
			isa = XCBuildConfiguration;
			buildSettings = {
				ALWAYS_EMBED_SWIFT_STANDARD_LIBRARIES = YES;
				CODE_SIGN_STYLE = Automatic;
				CURRENT_PROJECT_VERSION = 1;
				GENERATE_INFOPLIST_FILE = YES;
				MARKETING_VERSION = 1.0;
				PRODUCT_BUNDLE_IDENTIFIER = com.hamasaki.HamaanKadai2UITests;
				PRODUCT_NAME = "$(TARGET_NAME)";
				SWIFT_EMIT_LOC_STRINGS = NO;
				SWIFT_VERSION = 5.0;
				TARGETED_DEVICE_FAMILY = "1,2";
				TEST_TARGET_NAME = HamaanKadai2;
			};
			name = Release;
		};
/* End XCBuildConfiguration section */

/* Begin XCConfigurationList section */
		FE70A3552B5EA8670057F3BB /* Build configuration list for PBXProject "HamaanKadai2" */ = {
			isa = XCConfigurationList;
			buildConfigurations = (
				FE70A37C2B5EA8690057F3BB /* Debug */,
				FE70A37D2B5EA8690057F3BB /* Release */,
			);
			defaultConfigurationIsVisible = 0;
			defaultConfigurationName = Release;
		};
		FE70A37E2B5EA8690057F3BB /* Build configuration list for PBXNativeTarget "HamaanKadai2" */ = {
			isa = XCConfigurationList;
			buildConfigurations = (
				FE70A37F2B5EA8690057F3BB /* Debug */,
				FE70A3802B5EA8690057F3BB /* Release */,
			);
			defaultConfigurationIsVisible = 0;
			defaultConfigurationName = Release;
		};
		FE70A3812B5EA8690057F3BB /* Build configuration list for PBXNativeTarget "HamaanKadai2Tests" */ = {
			isa = XCConfigurationList;
			buildConfigurations = (
				FE70A3822B5EA8690057F3BB /* Debug */,
				FE70A3832B5EA8690057F3BB /* Release */,
			);
			defaultConfigurationIsVisible = 0;
			defaultConfigurationName = Release;
		};
		FE70A3842B5EA8690057F3BB /* Build configuration list for PBXNativeTarget "HamaanKadai2UITests" */ = {
			isa = XCConfigurationList;
			buildConfigurations = (
				FE70A3852B5EA8690057F3BB /* Debug */,
				FE70A3862B5EA8690057F3BB /* Release */,
			);
			defaultConfigurationIsVisible = 0;
			defaultConfigurationName = Release;
		};
/* End XCConfigurationList section */
	};
	rootObject = FE70A3522B5EA8670057F3BB /* Project object */;
}
